<?xml version="1.0" encoding="utf-8"?>
<Project ToolsVersion="4.0" xmlns="http://schemas.microsoft.com/developer/msbuild/2003">
  <ItemGroup>
    <Filter Include="源文件">
      <UniqueIdentifier>{4FC737F1-C7A5-4376-A066-2A32D752A2FF}</UniqueIdentifier>
      <Extensions>cpp;c;cc;cxx;c++;cppm;ixx;def;odl;idl;hpj;bat;asm;asmx</Extensions>
    </Filter>
    <Filter Include="头文件">
      <UniqueIdentifier>{93995380-89BD-4b04-88EB-625FBE52EBFB}</UniqueIdentifier>
      <Extensions>h;hh;hpp;hxx;h++;hm;inl;inc;ipp;xsd</Extensions>
    </Filter>
    <Filter Include="资源文件">
      <UniqueIdentifier>{67DA6AB6-F800-4c08-8B7A-83BB121AAD01}</UniqueIdentifier>
      <Extensions>rc;ico;cur;bmp;dlg;rc2;rct;bin;rgs;gif;jpg;jpeg;jpe;resx;tiff;tif;png;wav;mfcribbon-ms</Extensions>
    </Filter>
  </ItemGroup>
  <ItemGroup>
    <ClCompile Include="VostaEngine.h">
      <Filter>源文件</Filter>
    </ClCompile>
    <ClCompile Include="src\Core\Window.cpp">
      <Filter>源文件</Filter>
    </ClCompile>
    <ClCompile Include="src\Core\Application.cpp">
      <Filter>源文件</Filter>
    </ClCompile>
    <ClCompile Include="src\Core\AssetConfig.cpp">
      <Filter>源文件</Filter>
    </ClCompile>
    <ClCompile Include="src\Core\Project.cpp">
      <Filter>源文件</Filter>
    </ClCompile>
    <ClCompile Include="src\Core\Log.cpp">
      <Filter>源文件</Filter>
    </ClCompile>
    <ClCompile Include="src\Graph\NodeGraph.cpp">
      <Filter>源文件</Filter>
    </ClCompile>
    <ClCompile Include="src\Gui\Gui.cpp">
      <Filter>源文件</Filter>
    </ClCompile>
    <ClCompile Include="src\MCP\AgentSession.cpp">
      <Filter>源文件</Filter>
    </ClCompile>
    <ClCompile Include="src\MCP\AssetTools.cpp">
      <Filter>源文件</Filter>
    </ClCompile>
    <ClCompile Include="src\MCP\CommandRegistry.cpp">
      <Filter>源文件</Filter>
    </ClCompile>
    <ClCompile Include="src\MCP\EditorTools.cpp">
      <Filter>源文件</Filter>
    </ClCompile>
    <ClCompile Include="src\MCP\HttpClient.cpp">
      <Filter>源文件</Filter>
    </ClCompile>
    <ClCompile Include="src\MCP\LlmClient.cpp">
      <Filter>源文件</Filter>
    </ClCompile>
    <ClCompile Include="src\MCP\SceneTools.cpp">
      <Filter>源文件</Filter>
    </ClCompile>
    <ClCompile Include="src\MCP\ToolDispatchQueue.cpp">
      <Filter>源文件</Filter>
    </ClCompile>
    <ClCompile Include="src\MCP\ToolRegistry.cpp">
      <Filter>源文件</Filter>
    </ClCompile>
    <ClCompile Include="src\Renderer\Renderer.cpp">
      <Filter>源文件</Filter>
    </ClCompile>
    <ClCompile Include="thirdparty\GLAD\src\glad.c">
      <Filter>源文件</Filter>
    </ClCompile>
    <ClCompile Include="src\Core\Events\KeyPressedEvent.h">
      <Filter>源文件</Filter>
    </ClCompile>
    <ClCompile Include="src\Core\Events\EventDispatcher.h">
      <Filter>源文件</Filter>
    </ClCompile>
    <ClCompile Include="src\Core\Layers\Layers.cpp">
      <Filter>源文件</Filter>
    </ClCompile>
    <ClCompile Include="src\Core\Layers\LayerStack.cpp">
      <Filter>源文件</Filter>
    </ClCompile>
    <ClCompile Include="src\Core\vepch.cpp">
      <Filter>源文件</Filter>
    </ClCompile>
    <ClCompile Include="src\Core\test.cpp">
      <Filter>源文件</Filter>
    </ClCompile>
    <ClCompile Include="src\Core\Events\MouseEvent.h">
      <Filter>源文件</Filter>
    </ClCompile>
    <ClCompile Include="src\Platform\WindowInput.cpp">
      <Filter>源文件</Filter>
    </ClCompile>
    <ClCompile Include="src\Renderer\GraphicsContext.cpp">
      <Filter>源文件</Filter>
    </ClCompile>
    <ClCompile Include="src\Platform\OpenGL\OpenGLContext.cpp">
      <Filter>源文件</Filter>
    </ClCompile>
    <ClCompile Include="src\Renderer\Shader.cpp">
      <Filter>源文件</Filter>
    </ClCompile>
    <ClCompile Include="src\Renderer\Buffer.cpp">
      <Filter>源文件</Filter>
    </ClCompile>
    <ClCompile Include="src\Platform\OpenGL\OpenGLBuffer.cpp">
      <Filter>源文件</Filter>
    </ClCompile>
    <ClCompile Include="src\Platform\OpenGL\OpenGLVertexArray.cpp">
      <Filter>源文件</Filter>
    </ClCompile>
    <ClCompile Include="src\Renderer\VertexArray.cpp">
      <Filter>源文件</Filter>
    </ClCompile>
    <ClCompile Include="src\Renderer\RenderCommand.cpp">
      <Filter>源文件</Filter>
    </ClCompile>
    <ClCompile Include="src\Platform\OpenGL\OpenGLRendererAPI.cpp">
      <Filter>源文件</Filter>
    </ClCompile>
    <ClCompile Include="src\Renderer\Camera.cpp">
      <Filter>源文件</Filter>
    </ClCompile>
    <ClCompile Include="src\Core\Deltatime.cpp">
      <Filter>源文件</Filter>
    </ClCompile>
    <ClCompile Include="src\Platform\OpenGL\OpenGLShader.cpp">
      <Filter>源文件</Filter>
    </ClCompile>
    <ClCompile Include="src\Renderer\Texture.cpp">
      <Filter>源文件</Filter>
    </ClCompile>
    <ClCompile Include="src\Platform\OpenGL\OpenGLTexture.cpp">
      <Filter>源文件</Filter>
    </ClCompile>
    <ClCompile Include="thirdparty\stb_image\stb_image.cpp">
      <Filter>源文件</Filter>
    </ClCompile>
    <ClCompile Include="thirdparty\ufbx\ufbx.c">
      <Filter>源文件</Filter>
    </ClCompile>
    <ClCompile Include="src\Renderer\CameraController.cpp">
      <Filter>源文件</Filter>
    </ClCompile>
    <ClCompile Include="src\Renderer\Renderer2D.cpp">
      <Filter>源文件</Filter>
    </ClCompile>
    <ClCompile Include="src\Renderer\SubTexture2D.cpp">
      <Filter>源文件</Filter>
    </ClCompile>
    <ClCompile Include="src\Platform\OpenGL\OpenGLFrameBuffer.cpp">
      <Filter>源文件</Filter>
    </ClCompile>
    <ClCompile Include="thirdparty\IMGUI\backends\imgui_impl_opengl3.cpp">
      <Filter>源文件</Filter>
    </ClCompile>
    <ClCompile Include="thirdparty\IMGUI\backends\imgui_impl_glfw.cpp">
      <Filter>源文件</Filter>
    </ClCompile>
    <ClCompile Include="src\Scene\Scene.cpp">
      <Filter>源文件</Filter>
    </ClCompile>
    <ClCompile Include="src\Scene\EntityRegistry.cpp">
      <Filter>源文件</Filter>
    </ClCompile>
    <ClCompile Include="src\Scene\PrefabRegistry.cpp">
      <Filter>源文件</Filter>
    </ClCompile>
    <ClCompile Include="src\Scene\Entity.cpp">
      <Filter>源文件</Filter>
    </ClCompile>
    <ClCompile Include="src\Scene\SceneSerializer.cpp">
      <Filter>源文件</Filter>
    </ClCompile>
    <ClCompile Include="src\Scene\Archive.cpp">
      <Filter>源文件</Filter>
    </ClCompile>
    <ClCompile Include="src\Scene\BuiltinPrefabs.cpp">
      <Filter>源文件</Filter>
    </ClCompile>
    <ClCompile Include="src\Core\Json.cpp">
      <Filter>源文件</Filter>
    </ClCompile>
    <ClCompile Include="src\Asset\TextureImporter.cpp">
      <Filter>源文件</Filter>
    </ClCompile>
    <ClCompile Include="src\Core\ResourceManager.cpp">
      <Filter>源文件</Filter>
    </ClCompile>
    <ClCompile Include="src\Renderer\StaticMesh.cpp">
      <Filter>源文件</Filter>
    </ClCompile>
    <ClCompile Include="src\Asset\AssetAuthoring.cpp">
      <Filter>源文件</Filter>
    </ClCompile>
    <ClCompile Include="src\Asset\AssetLibrary.cpp">
      <Filter>源文件</Filter>
    </ClCompile>
    <ClCompile Include="src\Asset\StaticMeshImporter.cpp">
      <Filter>源文件</Filter>
    </ClCompile>
    <ClCompile Include="src\Platform\OpenGL\OpenGLStaticMesh.cpp">
      <Filter>源文件</Filter>
    </ClCompile>
    <ClCompile Include="src\Renderer\Renderer3D.cpp">
      <Filter>源文件</Filter>
    </ClCompile>
    <ClCompile Include="src\Core\Reflection.cpp">
      <Filter>源文件</Filter>
    </ClCompile>
    <ClCompile Include="src\Renderer\RenderPipeline.cpp">
      <Filter>源文件</Filter>
    </ClCompile>
    <ClCompile Include="src\Renderer\Shadow\ShadowCascadeCalculator.cpp">
      <Filter>源文件</Filter>
    </ClCompile>
    <ClCompile Include="src\Renderer\RenderPass\ShadowPass.cpp">
      <Filter>源文件</Filter>
    </ClCompile>
    <ClCompile Include="src\Renderer\RenderPass\GBufferPass.cpp">
      <Filter>源文件</Filter>
    </ClCompile>
    <ClCompile Include="src\Renderer\RenderPass\HDRBufferPass.cpp">
      <Filter>源文件</Filter>
    </ClCompile>
    <ClCompile Include="src\Renderer\RenderPass\PostBufferPass.cpp">
      <Filter>源文件</Filter>
    </ClCompile>
    <ClCompile Include="src\Scene\ECSystems\ECSystem.cpp">
      <Filter>源文件</Filter>
    </ClCompile>
    <ClCompile Include="src\Renderer\Material.cpp">
      <Filter>源文件</Filter>
    </ClCompile>
    <ClCompile Include="src\Renderer\SingleMaterial.cpp">
      <Filter>源文件</Filter>
    </ClCompile>
    <ClCompile Include="src\Renderer\LayeredMaterial.cpp">
      <Filter>源文件</Filter>
    </ClCompile>
    <ClCompile Include="src\Renderer\MaterialLayerAsset.cpp">
      <Filter>源文件</Filter>
    </ClCompile>
    <ClCompile Include="src\Renderer\MaterialInstance.cpp">
      <Filter>源文件</Filter>
    </ClCompile>
    <ClCompile Include="src\Renderer\RenderPass\RenderPassBase.cpp">
      <Filter>源文件</Filter>
    </ClCompile>
    <ClCompile Include="src\Renderer\SceneRenderer.cpp">
      <Filter>源文件</Filter>
    </ClCompile>
    <ClCompile Include="src\Renderer\StorageBuffer.cpp">
      <Filter>源文件</Filter>
    </ClCompile>
    <ClCompile Include="src\Platform\OpenGL\OpenGLStorageBuffer.cpp">
      <Filter>源文件</Filter>
    </ClCompile>
    <ClCompile Include="src\Asset\ImportManager.cpp">
      <Filter>源文件</Filter>
    </ClCompile>
    <ClCompile Include="src\Renderer\ThumbnailRenderer.cpp">
      <Filter>源文件</Filter>
    </ClCompile>
    <ClCompile Include="src\Renderer\MaterialGraph.cpp">
      <Filter>源文件</Filter>
    </ClCompile>
    <ClCompile Include="src\Renderer\ShaderGenerator.cpp">
      <Filter>源文件</Filter>
    </ClCompile>
    <ClCompile Include="src\Renderer\MaterialNodes.cpp">
      <Filter>源文件</Filter>
    </ClCompile>
    <ClCompile Include="src\Renderer\Preprocess\IBLBaker.cpp">
      <Filter>源文件</Filter>
    </ClCompile>
    <ClCompile Include="src\Scene\Terrain\Terrain.cpp">
      <Filter>源文件</Filter>
    </ClCompile>
    <ClCompile Include="src\Scene\Terrain\TerrainDataResource.cpp">
      <Filter>源文件</Filter>
    </ClCompile>
    <ClCompile Include="src\Scene\Terrain\TerrainMeshBuilder.cpp">
      <Filter>源文件</Filter>
    </ClCompile>
    <ClCompile Include="src\Asset\BuiltinReousrces.cpp">
      <Filter>源文件</Filter>
    </ClCompile>
    <ClCompile Include="src\Scene\ECSystems\ECSystemGraph.cpp">
      <Filter>源文件</Filter>
    </ClCompile>
    <ClCompile Include="src\Renderer\Preprocess\WorleyNoiseBaker.cpp">
      <Filter>源文件</Filter>
    </ClCompile>
    <ClCompile Include="src\Renderer\RenderPass\CloudPass.cpp">
      <Filter>源文件</Filter>
    </ClCompile>
    <ClCompile Include="src\Renderer\Preprocess\AtmosphereBaker.cpp">
      <Filter>源文件</Filter>
    </ClCompile>
    <ClCompile Include="src\Renderer\Preprocess\AtmosphereSkyBaker.cpp">
      <Filter>源文件</Filter>
    </ClCompile>
    <ClCompile Include="src\Renderer\RenderPass\TAAPass.cpp">
      <Filter>源文件</Filter>
    </ClCompile>
    <ClCompile Include="src\Renderer\RenderPass\CloudTAAPass.cpp">
      <Filter>源文件</Filter>
    </ClCompile>
    <ClCompile Include="src\Renderer\Pipeline\PipelineConfig.cpp">
      <Filter>源文件</Filter>
    </ClCompile>
    <ClCompile Include="src\Renderer\Pipeline\SettingsRegistry.cpp">
      <Filter>源文件</Filter>
    </ClCompile>
    <ClCompile Include="src\Renderer\RenderPass\PassBinding.cpp">
      <Filter>源文件</Filter>
    </ClCompile>
    <ClCompile Include="src\Renderer\RenderPass\PresentPass.cpp">
      <Filter>源文件</Filter>
    </ClCompile>
    <ClCompile Include="src\Renderer\Preprocess\WeatherMapBaker.cpp">
      <Filter>源文件</Filter>
    </ClCompile>
    <ClCompile Include="src\Renderer\SplashScreen.cpp">
      <Filter>源文件</Filter>
    </ClCompile>
    <ClCompile Include="src\Renderer\Preprocess\BakeService.cpp">
      <Filter>源文件</Filter>
    </ClCompile>
    <ClCompile Include="src\Renderer\SceneViewRenderer.cpp">
      <Filter>源文件</Filter>
    </ClCompile>
    <ClCompile Include="src\Core\JobSystem.cpp">
      <Filter>源文件</Filter>
    </ClCompile>
    <ClCompile Include="src\Scene\Terrain\QuadTreeTerrain.cpp">
      <Filter>源文件</Filter>
    </ClCompile>
    <ClCompile Include="src\Noise\NoiseCPU.cpp">
      <Filter>源文件</Filter>
    </ClCompile>
    <ClCompile Include="src\Noise\NoiseGraph.cpp">
      <Filter>源文件</Filter>
    </ClCompile>
    <ClCompile Include="src\Noise\NoisePlan.cpp">
      <Filter>源文件</Filter>
    </ClCompile>
    <ClCompile Include="src\Noise\NoiseGraphResource.cpp">
      <Filter>源文件</Filter>
    </ClCompile>
  </ItemGroup>
  <ItemGroup>
    <ClInclude Include="src\Core\Window.h">
      <Filter>头文件</Filter>
    </ClInclude>
    <ClInclude Include="src\Core\Application.h">
      <Filter>头文件</Filter>
    </ClInclude>
    <ClInclude Include="src\Core\Core.h">
      <Filter>头文件</Filter>
    </ClInclude>
    <ClInclude Include="src\Core\Hash.h">
      <Filter>头文件</Filter>
    </ClInclude>
    <ClInclude Include="src\Core\Log.h">
      <Filter>头文件</Filter>
    </ClInclude>
    <ClInclude Include="src\Graph\NodeGraph.h">
      <Filter>头文件</Filter>
    </ClInclude>
    <ClInclude Include="src\Gui\Gui.h">
      <Filter>头文件</Filter>
    </ClInclude>
    <ClInclude Include="src\MCP\AgentSession.h">
      <Filter>头文件</Filter>
    </ClInclude>
    <ClInclude Include="src\MCP\CommandRegistry.h">
      <Filter>头文件</Filter>
    </ClInclude>
    <ClInclude Include="src\MCP\HttpClient.h">
      <Filter>头文件</Filter>
    </ClInclude>
    <ClInclude Include="src\MCP\LlmClient.h">
      <Filter>头文件</Filter>
    </ClInclude>
    <ClInclude Include="src\MCP\ToolDispatchQueue.h">
      <Filter>头文件</Filter>
    </ClInclude>
    <ClInclude Include="src\MCP\ToolRegistry.h">
      <Filter>头文件</Filter>
    </ClInclude>
    <ClInclude Include="src\Renderer\Renderer.h">
      <Filter>头文件</Filter>
    </ClInclude>
    <ClInclude Include="src\Core\Events\Event.h">
      <Filter>头文件</Filter>
    </ClInclude>
    <ClInclude Include="src\Core\Events\MouseMovedEvent.h">
      <Filter>头文件</Filter>
    </ClInclude>
    <ClInclude Include="src\Core\Events\MouseButtonPressedEvent.h">
      <Filter>头文件</Filter>
    </ClInclude>
    <ClInclude Include="src\Core\Events\MouseButtonReleasedEvent.h">
      <Filter>头文件</Filter>
    </ClInclude>
    <ClInclude Include="src\Core\Events\MouseScrolledEvent.h">
      <Filter>头文件</Filter>
    </ClInclude>
    <ClInclude Include="src\Core\Events\KeyReleasedEvent.h">
      <Filter>头文件</Filter>
    </ClInclude>
    <ClInclude Include="src\Core\Events\KeyTypedEvent.h">
      <Filter>头文件</Filter>
    </ClInclude>
    <ClInclude Include="src\Core\Events\WindowResizeEvent.h">
      <Filter>头文件</Filter>
    </ClInclude>
    <ClInclude Include="src\Core\Events\WindowCloseEvent.h">
      <Filter>头文件</Filter>
    </ClInclude>
    <ClInclude Include="src\Core\Layers\Layers.h">
      <Filter>头文件</Filter>
    </ClInclude>
    <ClInclude Include="src\Core\Layers\LayerStack.h">
      <Filter>头文件</Filter>
    </ClInclude>
    <ClInclude Include="src\Core\vepch.h">
      <Filter>头文件</Filter>
    </ClInclude>
    <ClInclude Include="thirdparty\IMGUI\imgui.h">
      <Filter>头文件</Filter>
    </ClInclude>
    <ClInclude Include="thirdparty\IMGUI\backends\imgui_impl_opengl3.h">
      <Filter>头文件</Filter>
    </ClInclude>
    <ClInclude Include="src\Core\Events\KeyEvent.h">
      <Filter>头文件</Filter>
    </ClInclude>
    <ClInclude Include="src\Core\Events\WindowEvent.h">
      <Filter>头文件</Filter>
    </ClInclude>
    <ClInclude Include="src\Input.h">
      <Filter>头文件</Filter>
    </ClInclude>
    <ClInclude Include="src\Platform\WindowInput.h">
      <Filter>头文件</Filter>
    </ClInclude>
    <ClInclude Include="src\KeyCodes.h">
      <Filter>头文件</Filter>
    </ClInclude>
    <ClInclude Include="src\MouseButtonCodes.h">
      <Filter>头文件</Filter>
    </ClInclude>
    <ClInclude Include="thirdparty\IMGUI\backends\imgui_impl_glfw.h">
      <Filter>头文件</Filter>
    </ClInclude>
    <ClInclude Include="src\Renderer\GraphicsContext.h">
      <Filter>头文件</Filter>
    </ClInclude>
    <ClInclude Include="src\Platform\OpenGL\OpenGLContext.h">
      <Filter>头文件</Filter>
    </ClInclude>
    <ClInclude Include="src\Renderer\Shader.h">
      <Filter>头文件</Filter>
    </ClInclude>
    <ClInclude Include="src\Renderer\Buffer.h">
      <Filter>头文件</Filter>
    </ClInclude>
    <ClInclude Include="src\Platform\OpenGL\OpenGLBuffer.h">
      <Filter>头文件</Filter>
    </ClInclude>
    <ClInclude Include="src\Renderer\VertexArray.h">
      <Filter>头文件</Filter>
    </ClInclude>
    <ClInclude Include="src\Platform\OpenGL\OpenGLVertexArray.h">
      <Filter>头文件</Filter>
    </ClInclude>
    <ClInclude Include="src\Renderer\RendererAPI.h">
      <Filter>头文件</Filter>
    </ClInclude>
    <ClInclude Include="src\Renderer\RenderCommand.h">
      <Filter>头文件</Filter>
    </ClInclude>
    <ClInclude Include="src\Platform\OpenGL\OpenGLRendererAPI.h">
      <Filter>头文件</Filter>
    </ClInclude>
    <ClInclude Include="src\Renderer\Camera.h">
      <Filter>头文件</Filter>
    </ClInclude>
    <ClInclude Include="src\Core\Deltatime.h">
      <Filter>头文件</Filter>
    </ClInclude>
    <ClInclude Include="src\Platform\OpenGL\OpenGLShader.h">
      <Filter>头文件</Filter>
    </ClInclude>
    <ClInclude Include="src\Renderer\Texture.h">
      <Filter>头文件</Filter>
    </ClInclude>
    <ClInclude Include="src\Platform\OpenGL\OpenGLTexture.h">
      <Filter>头文件</Filter>
    </ClInclude>
    <ClInclude Include="thirdparty\stb_image\stb_image.h">
      <Filter>头文件</Filter>
    </ClInclude>
    <ClInclude Include="thirdparty\ufbx\ufbx.h">
      <Filter>头文件</Filter>
    </ClInclude>
    <ClInclude Include="thirdparty\FastNoiseLite\FastNoiseLite.h">
      <Filter>头文件</Filter>
    </ClInclude>
    <ClInclude Include="src\Renderer\CameraController.h">
      <Filter>头文件</Filter>
    </ClInclude>
    <ClInclude Include="src\Renderer\Renderer2D.h">
      <Filter>头文件</Filter>
    </ClInclude>
    <ClInclude Include="src\Renderer\SubTexture2D.h">
      <Filter>头文件</Filter>
    </ClInclude>
    <ClInclude Include="src\Renderer\FrameBuffer.h">
      <Filter>头文件</Filter>
    </ClInclude>
    <ClInclude Include="src\Platform\OpenGL\OpenGLFrameBuffer.h">
      <Filter>头文件</Filter>
    </ClInclude>
    <ClInclude Include="src\Scene\Scene.h">
      <Filter>头文件</Filter>
    </ClInclude>
    <ClInclude Include="src\Scene\EntityRegistry.h">
      <Filter>头文件</Filter>
    </ClInclude>
    <ClInclude Include="src\Scene\PrefabRegistry.h">
      <Filter>头文件</Filter>
    </ClInclude>
    <ClInclude Include="src\Scene\Entity.h">
      <Filter>头文件</Filter>
    </ClInclude>
    <ClInclude Include="src\Scene\Components.h">
      <Filter>头文件</Filter>
    </ClInclude>
    <ClInclude Include="src\Scene\SceneSerializer.h">
      <Filter>头文件</Filter>
    </ClInclude>
    <ClInclude Include="src\Scene\Archive.h">
      <Filter>头文件</Filter>
    </ClInclude>
    <ClInclude Include="src\Math\Math.h">
      <Filter>头文件</Filter>
    </ClInclude>
    <ClInclude Include="src\Core\Json.h">
      <Filter>头文件</Filter>
    </ClInclude>
    <ClInclude Include="src\Core\ResourceStorage.h">
      <Filter>头文件</Filter>
    </ClInclude>
    <ClInclude Include="src\Core\ResourceManager.h">
      <Filter>头文件</Filter>
    </ClInclude>
    <ClInclude Include="src\Core\AssetConfig.h">
      <Filter>头文件</Filter>
    </ClInclude>
    <ClInclude Include="src\Core\Project.h">
      <Filter>头文件</Filter>
    </ClInclude>
    <ClInclude Include="src\Core\AssetHandle.h">
      <Filter>头文件</Filter>
    </ClInclude>
    <ClInclude Include="src\Asset\AssetAuthoring.h">
      <Filter>头文件</Filter>
    </ClInclude>
    <ClInclude Include="src\Asset\AssetLibrary.h">
      <Filter>头文件</Filter>
    </ClInclude>
    <ClInclude Include="src\Asset\TextureImporter.h">
      <Filter>头文件</Filter>
    </ClInclude>
    <ClInclude Include="src\Asset\TextureResource.h">
      <Filter>头文件</Filter>
    </ClInclude>
    <ClInclude Include="src\Core\IResource.h">
      <Filter>头文件</Filter>
    </ClInclude>
    <ClInclude Include="src\Asset\StaticMeshImporter.h">
      <Filter>头文件</Filter>
    </ClInclude>
    <ClInclude Include="src\Renderer\StaticMesh.h">
      <Filter>头文件</Filter>
    </ClInclude>
    <ClInclude Include="src\Asset\Utils.h">
      <Filter>头文件</Filter>
    </ClInclude>
    <ClInclude Include="src\Platform\OpenGL\OpenGLStaticMesh.h">
      <Filter>头文件</Filter>
    </ClInclude>
    <ClInclude Include="src\Asset\StaticMeshResource.h">
      <Filter>头文件</Filter>
    </ClInclude>
    <ClInclude Include="src\Renderer\Renderer3D.h">
      <Filter>头文件</Filter>
    </ClInclude>
    <ClInclude Include="src\Core\Reflection.h">
      <Filter>头文件</Filter>
    </ClInclude>
    <ClInclude Include="src\Renderer\RenderPipeline.h">
      <Filter>头文件</Filter>
    </ClInclude>
    <ClInclude Include="src\Renderer\Shadow\ShadowCascadeCalculator.h">
      <Filter>头文件</Filter>
    </ClInclude>
    <ClInclude Include="src\Renderer\RenderPass\ShadowPass.h">
      <Filter>头文件</Filter>
    </ClInclude>
    <ClInclude Include="src\Renderer\Pipeline\PipelineConfig.h">
      <Filter>头文件</Filter>
    </ClInclude>
    <ClInclude Include="src\Renderer\Pipeline\SettingsRegistry.h">
      <Filter>头文件</Filter>
    </ClInclude>
    <ClInclude Include="src\Renderer\RenderPass\PassBinding.h">
      <Filter>头文件</Filter>
    </ClInclude>
    <ClInclude Include="src\Renderer\RenderPass\PresentPass.h">
      <Filter>头文件</Filter>
    </ClInclude>
    <ClInclude Include="src\Renderer\RenderPass\RenderPassBase.h">
      <Filter>头文件</Filter>
    </ClInclude>
    <ClInclude Include="src\Renderer\RenderContext.h">
      <Filter>头文件</Filter>
    </ClInclude>
    <ClInclude Include="src\Renderer\RenderPass\GBufferPass.h">
      <Filter>头文件</Filter>
    </ClInclude>
    <ClInclude Include="src\Renderer\RenderPass\HDRBufferPass.h">
      <Filter>头文件</Filter>
    </ClInclude>
    <ClInclude Include="src\Renderer\RenderPass\PostBufferPass.h">
      <Filter>头文件</Filter>
    </ClInclude>
    <ClInclude Include="src\Renderer\Light.h">
      <Filter>头文件</Filter>
    </ClInclude>
    <ClInclude Include="src\Scene\ECSystems\ECSystem.h">
      <Filter>头文件</Filter>
    </ClInclude>
    <ClInclude Include="src\Renderer\Material.h">
      <Filter>头文件</Filter>
    </ClInclude>
    <ClInclude Include="src\Renderer\SingleMaterial.h">
      <Filter>头文件</Filter>
    </ClInclude>
    <ClInclude Include="src\Renderer\LayeredMaterial.h">
      <Filter>头文件</Filter>
    </ClInclude>
    <ClInclude Include="src\Renderer\MaterialLayer.h">
      <Filter>头文件</Filter>
    </ClInclude>
    <ClInclude Include="src\Renderer\MaterialLayerAsset.h">
      <Filter>头文件</Filter>
    </ClInclude>
    <ClInclude Include="src\Renderer\MaterialInstance.h">
      <Filter>头文件</Filter>
    </ClInclude>
    <ClInclude Include="src\Renderer\SceneRenderer.h">
      <Filter>头文件</Filter>
    </ClInclude>
    <ClInclude Include="src\Renderer\StorageBuffer.h">
      <Filter>头文件</Filter>
    </ClInclude>
    <ClInclude Include="src\Platform\OpenGL\OpenGLStorageBuffer.h">
      <Filter>头文件</Filter>
    </ClInclude>
    <ClInclude Include="src\Asset\ImportManager.h">
      <Filter>头文件</Filter>
    </ClInclude>
    <ClInclude Include="src\Renderer\ThumbnailRenderer.h">
      <Filter>头文件</Filter>
    </ClInclude>
    <ClInclude Include="src\Renderer\MaterialGraph.h">
      <Filter>头文件</Filter>
    </ClInclude>
    <ClInclude Include="src\Renderer\ShaderGenerator.h">
      <Filter>头文件</Filter>
    </ClInclude>
    <ClInclude Include="src\Renderer\MaterialNodes.h">
      <Filter>头文件</Filter>
    </ClInclude>
    <ClInclude Include="src\Renderer\MaterialAsset.h">
      <Filter>头文件</Filter>
    </ClInclude>
    <ClInclude Include="src\Renderer\Preprocess\IBLBaker.h">
      <Filter>头文件</Filter>
    </ClInclude>
    <ClInclude Include="src\Scene\Terrain\Terrain.h">
      <Filter>头文件</Filter>
    </ClInclude>
    <ClInclude Include="src\Scene\Terrain\TerrainDataResource.h">
      <Filter>头文件</Filter>
    </ClInclude>
    <ClInclude Include="src\Scene\Terrain\TerrainMeshBuilder.h">
      <Filter>头文件</Filter>
    </ClInclude>
    <ClInclude Include="src\Asset\BuiltinReousrces.h">
      <Filter>头文件</Filter>
    </ClInclude>
    <ClInclude Include="src\Scene\ECSystems\ECSystemGraph.h">
      <Filter>头文件</Filter>
    </ClInclude>
    <ClInclude Include="src\Renderer\Preprocess\WorleyNoiseBaker.h">
      <Filter>头文件</Filter>
    </ClInclude>
    <ClInclude Include="src\Renderer\Atmosphere.h">
      <Filter>头文件</Filter>
    </ClInclude>
    <ClInclude Include="src\Renderer\Clouds.h">
      <Filter>头文件</Filter>
    </ClInclude>
    <ClInclude Include="src\Renderer\RenderPass\CloudPass.h">
      <Filter>头文件</Filter>
    </ClInclude>
    <ClInclude Include="src\Renderer\Preprocess\AtmosphereBaker.h">
      <Filter>头文件</Filter>
    </ClInclude>
    <ClInclude Include="src\Renderer\Preprocess\AtmosphereSkyBaker.h">
      <Filter>头文件</Filter>
    </ClInclude>
    <ClInclude Include="src\Renderer\RenderPass\TAAPass.h">
      <Filter>头文件</Filter>
    </ClInclude>
    <ClInclude Include="src\Renderer\RenderPass\CloudTAAPass.h">
      <Filter>头文件</Filter>
    </ClInclude>
    <ClInclude Include="src\Renderer\Preprocess\WeatherMapBaker.h">
      <Filter>头文件</Filter>
    </ClInclude>
    <ClInclude Include="src\Core\ComponentRegistry.h">
      <Filter>头文件</Filter>
    </ClInclude>
    <ClInclude Include="src\Renderer\SplashScreen.h">
      <Filter>头文件</Filter>
    </ClInclude>
    <ClInclude Include="src\Renderer\Preprocess\BakeService.h">
      <Filter>头文件</Filter>
    </ClInclude>
    <ClInclude Include="src\Renderer\SceneViewRenderer.h">
      <Filter>头文件</Filter>
    </ClInclude>
    <ClInclude Include="src\Core\JobSystem.h">
      <Filter>头文件</Filter>
    </ClInclude>
    <ClInclude Include="src\Scene\Terrain\QuadTreeTerrain.h">
      <Filter>头文件</Filter>
    </ClInclude>
    <ClInclude Include="src\Noise\NoiseSettings.h">
      <Filter>头文件</Filter>
    </ClInclude>
    <ClInclude Include="src\Noise\NoiseCPU.h">
      <Filter>头文件</Filter>
    </ClInclude>
    <ClInclude Include="src\Noise\NoiseGraph.h">
      <Filter>头文件</Filter>
    </ClInclude>
    <ClInclude Include="src\Noise\NoiseNodes.h">
      <Filter>头文件</Filter>
    </ClInclude>
    <ClInclude Include="src\Noise\NoisePlan.h">
      <Filter>头文件</Filter>
    </ClInclude>
    <ClInclude Include="src\Noise\NoiseGraphResource.h">
      <Filter>头文件</Filter>
    </ClInclude>
  </ItemGroup>
</Project>