<?xml version="1.0" encoding="utf-8"?>
<Project ToolsVersion="4.0" xmlns="http://schemas.microsoft.com/developer/msbuild/2003">
  <ItemGroup>
    <Filter Include="源文件">
      <UniqueIdentifier>{4FC737F1-C7A5-4376-A066-2A32D752A2FF}</UniqueIdentifier>
      <Extensions>cpp;c;cc;cxx;c++;cppm;ixx;def;odl;idl;hpj;bat;asm;asmx</Extensions>
    </Filter>
    <Filter Include="头文件">
      <UniqueIdentifier>{93995380-89BD-4b04-88EB-625FBE52EBFB}</UniqueIdentifier>
      <Extensions>h;hh;hpp;hxx;h++;hm;inl;inc;ipp;xsd</Extensions>
    </Filter>
    <Filter Include="资源文件">
      <UniqueIdentifier>{67DA6AB6-F800-4c08-8B7A-83BB121AAD01}</UniqueIdentifier>
      <Extensions>rc;ico;cur;bmp;dlg;rc2;rct;bin;rgs;gif;jpg;jpeg;jpe;resx;tiff;tif;png;wav;mfcribbon-ms</Extensions>
    </Filter>
  </ItemGroup>
  <ItemGroup>
    <ClCompile Include="src\VostaEditor.cpp">
      <Filter>源文件</Filter>
    </ClCompile>
    <ClCompile Include="src\EditorLayer.cpp">
      <Filter>源文件</Filter>
    </ClCompile>
    <ClCompile Include="src\EditorMcpTools.cpp">
      <Filter>源文件</Filter>
    </ClCompile>
    <ClCompile Include="src\Panels\SceneOutlinerPanel.cpp">
      <Filter>源文件</Filter>
    </ClCompile>
    <ClCompile Include="src\Panels\PropertyPanel.cpp">
      <Filter>源文件</Filter>
    </ClCompile>
    <ClCompile Include="..\VostaEngine\thirdparty\IMGUIZMO\ImGuizmo.cpp">
      <Filter>源文件</Filter>
    </ClCompile>
    <ClCompile Include="src\Panels\FileBrowser.cpp">
      <Filter>源文件</Filter>
    </ClCompile>
    <ClCompile Include="..\VostaEngine\thirdparty\imgui-node-editor\crude_json.cpp">
      <Filter>源文件</Filter>
    </ClCompile>
    <ClCompile Include="..\VostaEngine\thirdparty\imgui-node-editor\imgui_canvas.cpp">
      <Filter>源文件</Filter>
    </ClCompile>
    <ClCompile Include="..\VostaEngine\thirdparty\imgui-node-editor\imgui_node_editor.cpp">
      <Filter>源文件</Filter>
    </ClCompile>
    <ClCompile Include="..\VostaEngine\thirdparty\imgui-node-editor\imgui_node_editor_api.cpp">
      <Filter>源文件</Filter>
    </ClCompile>
    <ClCompile Include="src\Panels\AiPanel.cpp">
      <Filter>源文件</Filter>
    </ClCompile>
    <ClCompile Include="src\Panels\MaterialGraphPanel.cpp">
      <Filter>源文件</Filter>
    </ClCompile>
    <ClCompile Include="src\Panels\NoisePanel.cpp">
      <Filter>源文件</Filter>
    </ClCompile>
    <ClCompile Include="src\Panels\TerrainMapPanel.cpp">
      <Filter>源文件</Filter>
    </ClCompile>
    <ClCompile Include="src\Panels\TexturePreviewPanel.cpp">
      <Filter>源文件</Filter>
    </ClCompile>
    <ClCompile Include="src\EditorViewController.cpp">
      <Filter>源文件</Filter>
    </ClCompile>
    <ClCompile Include="src\Graph\NodeGraphPanel.cpp">
      <Filter>源文件</Filter>
    </ClCompile>
    <ClCompile Include="src\Graph\MaterialEditorSchema.cpp">
      <Filter>源文件</Filter>
    </ClCompile>
    <ClCompile Include="src\Graph\NoiseEditorSchema.cpp">
      <Filter>源文件</Filter>
    </ClCompile>
    <ClCompile Include="src\SubEditors\MaterialLayerEditor.cpp">
      <Filter>源文件</Filter>
    </ClCompile>
    <ClCompile Include="src\SubEditors\LayeredMaterialEditor.cpp">
      <Filter>源文件</Filter>
    </ClCompile>
    <ClCompile Include="src\SubEditors\TerrainEditor.cpp">
      <Filter>源文件</Filter>
    </ClCompile>
  </ItemGroup>
  <ItemGroup>
    <ClInclude Include="src\EditorLayer.h">
      <Filter>头文件</Filter>
    </ClInclude>
    <ClInclude Include="src\EditorMcpTools.h">
      <Filter>头文件</Filter>
    </ClInclude>
    <ClInclude Include="src\Panels\SceneOutlinerPanel.h">
      <Filter>头文件</Filter>
    </ClInclude>
    <ClInclude Include="src\Panels\FileBrowser.h">
      <Filter>头文件</Filter>
    </ClInclude>
    <ClInclude Include="src\Panels\PropertyPanel.h">
      <Filter>头文件</Filter>
    </ClInclude>
    <ClInclude Include="src\Panels\AssetBrowserWidget.h">
      <Filter>头文件</Filter>
    </ClInclude>
    <ClInclude Include="src\Panels\AiPanel.h">
      <Filter>头文件</Filter>
    </ClInclude>
    <ClInclude Include="src\Panels\MaterialGraphPanel.h">
      <Filter>头文件</Filter>
    </ClInclude>
    <ClInclude Include="src\Panels\NoisePanel.h">
      <Filter>头文件</Filter>
    </ClInclude>
    <ClInclude Include="src\Panels\TerrainMapPanel.h">
      <Filter>头文件</Filter>
    </ClInclude>
    <ClInclude Include="src\Panels\TexturePreviewPanel.h">
      <Filter>头文件</Filter>
    </ClInclude>
    <ClInclude Include="src\EditorViewController.h">
      <Filter>头文件</Filter>
    </ClInclude>
    <ClInclude Include="src\Graph\NodeGraphPanel.h">
      <Filter>头文件</Filter>
    </ClInclude>
    <ClInclude Include="src\Graph\NodeGraphEditorSchema.h">
      <Filter>头文件</Filter>
    </ClInclude>
    <ClInclude Include="src\Graph\MaterialEditorSchema.h">
      <Filter>头文件</Filter>
    </ClInclude>
    <ClInclude Include="src\Graph\NoiseEditorSchema.h">
      <Filter>头文件</Filter>
    </ClInclude>
    <ClInclude Include="src\SubEditors\MaterialLayerEditor.h">
      <Filter>头文件</Filter>
    </ClInclude>
    <ClInclude Include="src\SubEditors\LayeredMaterialEditor.h">
      <Filter>头文件</Filter>
    </ClInclude>
    <ClInclude Include="src\SubEditors\TerrainEditor.h">
      <Filter>头文件</Filter>
    </ClInclude>
    <ClInclude Include="src\AssetSaveRegistry.h">
      <Filter>头文件</Filter>
    </ClInclude>
  </ItemGroup>
  <ItemGroup>
    <None Include="cpp.hint" />
  </ItemGroup>
</Project>